
Microsoft Visual Studio Solution File, Format Version 12.00
Project("{FAE04EC0-301F-11D3-BF4B-00C04F79EFBC}") = "AquariusLanguageServer", "AquariusLanguageServer\AquariusLanguageServer.csproj", "{5F2C392F-6AD4-4071-810C-A6DA2DC5E9C2}"
EndProject
Project("{FAE04EC0-301F-11D3-BF4B-00C04F79EFBC}") = "AquariusLangVM", "AquariusLangVM\AquariusLangVM.csproj", "{B95605C1-F460-4A4C-8D57-0E4FCA038541}"
EndProject
Project("{FAE04EC0-301F-11D3-BF4B-00C04F79EFBC}") = "AquariusDesktopVMREPL", "AquariusDesktopVMREPL\AquariusDesktopVMREPL.csproj", "{7945F546-E3A0-4F2E-9F14-792B0B76AE05}"
EndProject
Project("{FAE04EC0-301F-11D3-BF4B-00C04F79EFBC}") = "AquariusLangVMTesting", "AquariusLangVMTesting\AquariusLangVMTesting.csproj", "{D25D0647-843F-49CB-959E-1E2FE6AB24F0}"
EndProject
Project("{FAE04EC0-301F-11D3-BF4B-00C04F79EFBC}") = "AquariusWebCompiler", "AquariusWebCompiler\AquariusWebCompiler.csproj", "{2FBC355A-405D-4F80-A96A-5AD9C3099E58}"
EndProject
Project("{FAE04EC0-301F-11D3-BF4B-00C04F79EFBC}") = "AquariusPackaging", "AquariusPackaging\AquariusPackaging.csproj", "{950D7991-075C-46B1-A7E5-4C680C4B9C79}"
EndProject
Project("{FAE04EC0-301F-11D3-BF4B-00C04F79EFBC}") = "AquariusCli", "AquariusCli\AquariusCli.csproj", "{955322D5-C47B-45B1-8A9E-B04B46032A23}"
EndProject
Project("{FAE04EC0-301F-11D3-BF4B-00C04F79EFBC}") = "AquariusBuild", "AquariusBuild\AquariusBuild.csproj", "{ED81612D-3719-4912-85C0-0CAE6399C81D}"
EndProject
Project("{FAE04EC0-301F-11D3-BF4B-00C04F79EFBC}") = "AquariusAppHost", "AquariusAppHost\AquariusAppHost.csproj", "{E692C115-1409-4FE7-964B-EEB1E090186E}"
EndProject
Global
	GlobalSection(SolutionConfigurationPlatforms) = preSolution
		Debug|Any CPU = Debug|Any CPU
		Release|Any CPU = Release|Any CPU
	EndGlobalSection
	GlobalSection(ProjectConfigurationPlatforms) = postSolution
		{5F2C392F-6AD4-4071-810C-A6DA2DC5E9C2}.Debug|Any CPU.ActiveCfg = Debug|Any CPU
		{5F2C392F-6AD4-4071-810C-A6DA2DC5E9C2}.Debug|Any CPU.Build.0 = Debug|Any CPU
		{5F2C392F-6AD4-4071-810C-A6DA2DC5E9C2}.Release|Any CPU.ActiveCfg = Release|Any CPU
		{5F2C392F-6AD4-4071-810C-A6DA2DC5E9C2}.Release|Any CPU.Build.0 = Release|Any CPU
		{B95605C1-F460-4A4C-8D57-0E4FCA038541}.Debug|Any CPU.ActiveCfg = Debug|Any CPU
		{B95605C1-F460-4A4C-8D57-0E4FCA038541}.Debug|Any CPU.Build.0 = Debug|Any CPU
		{B95605C1-F460-4A4C-8D57-0E4FCA038541}.Release|Any CPU.ActiveCfg = Release|Any CPU
		{B95605C1-F460-4A4C-8D57-0E4FCA038541}.Release|Any CPU.Build.0 = Release|Any CPU
		{7945F546-E3A0-4F2E-9F14-792B0B76AE05}.Debug|Any CPU.ActiveCfg = Debug|Any CPU
		{7945F546-E3A0-4F2E-9F14-792B0B76AE05}.Debug|Any CPU.Build.0 = Debug|Any CPU
		{7945F546-E3A0-4F2E-9F14-792B0B76AE05}.Release|Any CPU.ActiveCfg = Release|Any CPU
		{7945F546-E3A0-4F2E-9F14-792B0B76AE05}.Release|Any CPU.Build.0 = Release|Any CPU
		{D25D0647-843F-49CB-959E-1E2FE6AB24F0}.Debug|Any CPU.ActiveCfg = Debug|Any CPU
		{D25D0647-843F-49CB-959E-1E2FE6AB24F0}.Debug|Any CPU.Build.0 = Debug|Any CPU
		{D25D0647-843F-49CB-959E-1E2FE6AB24F0}.Release|Any CPU.ActiveCfg = Release|Any CPU
		{D25D0647-843F-49CB-959E-1E2FE6AB24F0}.Release|Any CPU.Build.0 = Release|Any CPU
		{2FBC355A-405D-4F80-A96A-5AD9C3099E58}.Debug|Any CPU.ActiveCfg = Debug|Any CPU
		{2FBC355A-405D-4F80-A96A-5AD9C3099E58}.Debug|Any CPU.Build.0 = Debug|Any CPU
		{2FBC355A-405D-4F80-A96A-5AD9C3099E58}.Release|Any CPU.ActiveCfg = Release|Any CPU
		{2FBC355A-405D-4F80-A96A-5AD9C3099E58}.Release|Any CPU.Build.0 = Release|Any CPU
		{950D7991-075C-46B1-A7E5-4C680C4B9C79}.Debug|Any CPU.ActiveCfg = Debug|Any CPU
		{950D7991-075C-46B1-A7E5-4C680C4B9C79}.Debug|Any CPU.Build.0 = Debug|Any CPU
		{950D7991-075C-46B1-A7E5-4C680C4B9C79}.Release|Any CPU.ActiveCfg = Release|Any CPU
		{950D7991-075C-46B1-A7E5-4C680C4B9C79}.Release|Any CPU.Build.0 = Release|Any CPU
		{955322D5-C47B-45B1-8A9E-B04B46032A23}.Debug|Any CPU.ActiveCfg = Debug|Any CPU
		{955322D5-C47B-45B1-8A9E-B04B46032A23}.Debug|Any CPU.Build.0 = Debug|Any CPU
		{955322D5-C47B-45B1-8A9E-B04B46032A23}.Release|Any CPU.ActiveCfg = Release|Any CPU
		{955322D5-C47B-45B1-8A9E-B04B46032A23}.Release|Any CPU.Build.0 = Release|Any CPU
		{ED81612D-3719-4912-85C0-0CAE6399C81D}.Debug|Any CPU.ActiveCfg = Debug|Any CPU
		{ED81612D-3719-4912-85C0-0CAE6399C81D}.Debug|Any CPU.Build.0 = Debug|Any CPU
		{ED81612D-3719-4912-85C0-0CAE6399C81D}.Release|Any CPU.ActiveCfg = Release|Any CPU
		{ED81612D-3719-4912-85C0-0CAE6399C81D}.Release|Any CPU.Build.0 = Release|Any CPU
		{E692C115-1409-4FE7-964B-EEB1E090186E}.Debug|Any CPU.ActiveCfg = Debug|Any CPU
		{E692C115-1409-4FE7-964B-EEB1E090186E}.Debug|Any CPU.Build.0 = Debug|Any CPU
		{E692C115-1409-4FE7-964B-EEB1E090186E}.Release|Any CPU.ActiveCfg = Release|Any CPU
		{E692C115-1409-4FE7-964B-EEB1E090186E}.Release|Any CPU.Build.0 = Release|Any CPU
	EndGlobalSection
EndGlobal
